lockfileVersion: '9.0'

settings:
  autoInstallPeers: true
  excludeLinksFromLockfile: false

importers:

  .:
    dependencies:
      flyctl:
        specifier: ^1.2.6
        version: 1.2.6

packages:

  binary-version-check-cli@4.1.0:
    resolution: {integrity: sha512-MB6JHpSxbZMGakNh5PyCsc4pFMuOlT73o/pcsz7m45+0dkFLuiCVLdEW2yluAo783vx9F8PPb/PYSliFFx4QZA==}
    engines: {node: '>=18'}
    hasBin: true

  binary-version-check@6.1.0:
    resolution: {integrity: sha512-REKdLKmuViV2WrtWXvNSiPX04KbIjfUV3Cy8batUeOg+FtmowavzJorfFhWq95cVJzINnL/44ixP26TrdJZACA==}
    engines: {node: '>=18'}

  binary-version@7.1.0:
    resolution: {integrity: sha512-Iy//vPc3ANPNlIWd242Npqc8MK0a/i4kVcHDlDA6HNMv5zMxz4ulIFhOSYJVKw/8AbHdHy0CnGYEt1QqSXxPsw==}
    engines: {node: '>=18'}

  convert-hrtime@5.0.0:
    resolution: {integrity: sha512-lOETlkIeYSJWcbbcvjRKGxVMXJR+8+OQb/mTPbA4ObPMytYIsUbuOE0Jzy60hjARYszq1id0j8KgVhC+WGZVTg==}
    engines: {node: '>=12'}

  cross-spawn@7.0.6:
    resolution: {integrity: sha512-uV2QOWP2nWzsy2aMp8aRibhi9dlzF5Hgh5SHaB9OiTGEyDTiJJyx0uy51QXdyWbtAHNua4XJzUKca3OzKUd3vA==}
    engines: {node: '>= 8'}

  execa@8.0.1:
    resolution: {integrity: sha512-VyhnebXciFV2DESc+p6B+y0LjSm0krU4OgJN44qFAhBY0TJ+1V61tYD2+wHusZ6F9n5K+vl8k0sTy7PEfV4qpg==}
    engines: {node: '>=16.17'}

  find-versions@6.0.0:
    resolution: {integrity: sha512-2kCCtc+JvcZ86IGAz3Z2Y0A1baIz9fL31pH/0S1IqZr9Iwnjq8izfPtrCyQKO6TLMPELLsQMre7VDqeIKCsHkA==}
    engines: {node: '>=18'}

  flyctl@1.2.6:
    resolution: {integrity: sha512-mYfjbJ3LOsGn0tXWwwSc/eXfITpjzh0qSPKwodCqJ6JLtF5aimpLWGDYCJ2DtoZDNZk2eQKD/Em0GBC9XCofyQ==}
    engines: {node: '>= 20'}

  function-timeout@1.0.2:
    resolution: {integrity: sha512-939eZS4gJ3htTHAldmyyuzlrD58P03fHG49v2JfFXbV6OhvZKRC9j2yAtdHw/zrp2zXHuv05zMIy40F0ge7spA==}
    engines: {node: '>=18'}

  get-stream@8.0.1:
    resolution: {integrity: sha512-VaUJspBffn/LMCJVoMvSAdmscJyS1auj5Zulnn5UoYcY531UWmdwhRWkcGKnGU93m5HSXP9LP2usOryrBtQowA==}
    engines: {node: '>=16'}

  human-signals@5.0.0:
    resolution: {integrity: sha512-AXcZb6vzzrFAUE61HnN4mpLqd/cSIwNQjtNWR0euPm6y0iqx3G4gOXaIDdtdDwZmhwe82LA6+zinmW4UBWVePQ==}
    engines: {node: '>=16.17.0'}

  is-stream@3.0.0:
    resolution: {integrity: sha512-LnQR4bZ9IADDRSkvpqMGvt/tEJWclzklNgSw48V5EAaAeDd6qGvN8ei6k5p0tvxSR171VmGyHuTiAOfxAbr8kA==}
    engines: {node: ^12.20.0 || ^14.13.1 || >=16.0.0}

  isexe@2.0.0:
    resolution: {integrity: sha512-RHxMLp9lnKHGHRng9QFhRCMbYAcVpn69smSGcq3f36xjgVVWThj4qqLbTLlq7Ssj8B+fIQ1EuCEGI2lKsyQeIw==}

  make-asynchronous@1.0.1:
    resolution: {integrity: sha512-T9BPOmEOhp6SmV25SwLVcHK4E6JyG/coH3C6F1NjNXSziv/fd4GmsqMk8YR6qpPOswfaOCApSNkZv6fxoaYFcQ==}
    engines: {node: '>=18'}

  meow@13.2.0:
    resolution: {integrity: sha512-pxQJQzB6djGPXh08dacEloMFopsOqGVRKFPYvPOt9XDZ1HasbgDZA74CJGreSU4G3Ak7EFJGoiH2auq+yXISgA==}
    engines: {node: '>=18'}

  merge-stream@2.0.0:
    resolution: {integrity: sha512-abv/qOcuPfk3URPfDzmZU1LKmuw8kT+0nIHvKrKgFrwifol/doWcdA4ZqsWQ8ENrFKkd67Mfpo/LovbIUsbt3w==}

  mimic-fn@4.0.0:
    resolution: {integrity: sha512-vqiC06CuhBTUdZH+RYl8sFrL096vA45Ok5ISO6sE/Mr1jRbGH4Csnhi8f3wKVl7x8mO4Au7Ir9D3Oyv1VYMFJw==}
    engines: {node: '>=12'}

  npm-run-path@5.3.0:
    resolution: {integrity: sha512-ppwTtiJZq0O/ai0z7yfudtBpWIoxM8yE6nHi1X47eFR2EWORqfbu6CnPlNsjeN683eT0qG6H/Pyf9fCcvjnnnQ==}
    engines: {node: ^12.20.0 || ^14.13.1 || >=16.0.0}

  onetime@6.0.0:
    resolution: {integrity: sha512-1FlR+gjXK7X+AsAHso35MnyN5KqGwJRi/31ft6x0M194ht7S+rWAvd7PHss9xSKMzE0asv1pyIHaJYq+BbacAQ==}
    engines: {node: '>=12'}

  p-event@6.0.1:
    resolution: {integrity: sha512-Q6Bekk5wpzW5qIyUP4gdMEujObYstZl6DMMOSenwBvV0BlE5LkDwkjs5yHbZmdCEq2o4RJx4tE1vwxFVf2FG1w==}
    engines: {node: '>=16.17'}

  p-timeout@6.1.4:
    resolution: {integrity: sha512-MyIV3ZA/PmyBN/ud8vV9XzwTrNtR4jFrObymZYnZqMmW0zA8Z17vnT0rBgFE/TlohB+YCHqXMgZzb3Csp49vqg==}
    engines: {node: '>=14.16'}

  path-key@3.1.1:
    resolution: {integrity: sha512-ojmeN0qd+y0jszEtoY48r0Peq5dwMEkIlCOu6Q5f41lfkswXuKtYrhgoTpLnyIcHm24Uhqx+5Tqm2InSwLhE6Q==}
    engines: {node: '>=8'}

  path-key@4.0.0:
    resolution: {integrity: sha512-haREypq7xkM7ErfgIyA0z+Bj4AGKlMSdlQE2jvJo6huWD1EdkKYV+G/T4nq0YEF2vgTT8kqMFKo1uHn950r4SQ==}
    engines: {node: '>=12'}

  semver-regex@4.0.5:
    resolution: {integrity: sha512-hunMQrEy1T6Jr2uEVjrAIqjwWcQTgOAcIM52C8MY1EZSD3DDNft04XzvYKPqjED65bNVVko0YI38nYeEHCX3yw==}
    engines: {node: '>=12'}

  semver-truncate@3.0.0:
    resolution: {integrity: sha512-LJWA9kSvMolR51oDE6PN3kALBNaUdkxzAGcexw8gjMA8xr5zUqK0JiR3CgARSqanYF3Z1YHvsErb1KDgh+v7Rg==}
    engines: {node: '>=12'}

  semver@7.7.3:
    resolution: {integrity: sha512-SdsKMrI9TdgjdweUSR9MweHA4EJ8YxHn8DFaDisvhVlUOe4BF1tLD7GAj0lIqWVl+dPb/rExr0Btby5loQm20Q==}
    engines: {node: '>=10'}
    hasBin: true

  shebang-command@2.0.0:
    resolution: {integrity: sha512-kHxr2zZpYtdmrN1qDjrrX/Z1rR1kG8Dx+gkpK1G4eXmvXswmcE1hTWBWYUzlraYw1/yZp6YuDY77YtvbN0dmDA==}
    engines: {node: '>=8'}

  shebang-regex@3.0.0:
    resolution: {integrity: sha512-7++dFhtcx3353uBaq8DDR4NuxBetBzC7ZQOhmTQInHEd6bSrXdiEyzCvG07Z44UYdLShWUyXt5M/yhz8ekcb1A==}
    engines: {node: '>=8'}

  signal-exit@4.1.0:
    resolution: {integrity: sha512-bzyZ1e88w9O1iNJbKnOlvYTrWPDl46O1bG0D3XInv+9tkPrxrN8jUUTiFlDkkmKWgn1M6CfIA13SuGqOa9Korw==}
    engines: {node: '>=14'}

  strip-final-newline@3.0.0:
    resolution: {integrity: sha512-dOESqjYr96iWYylGObzd39EuNTa5VJxyvVAEm5Jnh7KGo75V43Hk1odPQkNDyXNmUR6k+gEiDVXnjB8HJ3crXw==}
    engines: {node: '>=12'}

  super-regex@1.1.0:
    resolution: {integrity: sha512-WHkws2ZflZe41zj6AolvvmaTrWds/VuyeYr9iPVv/oQeaIoVxMKaushfFWpOGDT+GuBrM/sVqF8KUCYQlSSTdQ==}
    engines: {node: '>=18'}

  time-span@5.1.0:
    resolution: {integrity: sha512-75voc/9G4rDIJleOo4jPvN4/YC4GRZrY8yy1uU4lwrB3XEQbWve8zXoO5No4eFrGcTAMYyoY67p8jRQdtA1HbA==}
    engines: {node: '>=12'}

  tinyspawn@1.5.5:
    resolution: {integrity: sha512-Wq3kFq9V0l//CkvIxEw5kyWIUAW+zfgg2h+FbR/xOeJGR7kp7wKAXbMVXue1P0GaNByRPRQxW670Y3Xzx9bWxA==}
    engines: {node: '>= 18'}

  type-fest@4.41.0:
    resolution: {integrity: sha512-TeTSQ6H5YHvpqVwBRcnLDCBnDOHWYu7IvGbHT6N8AOymcr9PJGjc1GTtiWZTYg0NCgYwvnYWEkVChQAr9bjfwA==}
    engines: {node: '>=16'}

  web-worker@1.2.0:
    resolution: {integrity: sha512-PgF341avzqyx60neE9DD+XS26MMNMoUQRz9NOZwW32nPQrF6p77f1htcnjBSEV8BGMKZ16choqUG4hyI0Hx7mA==}

  which@2.0.2:
    resolution: {integrity: sha512-BLI3Tl1TW3Pvl70l3yq3Y64i+awpwXqsGBYWkkqMtnbXgrMD+yj7rhW0kuEDxzJaYXGjEW5ogapKNMEKNMjibA==}
    engines: {node: '>= 8'}
    hasBin: true

snapshots:

  binary-version-check-cli@4.1.0:
    dependencies:
      binary-version-check: 6.1.0
      meow: 13.2.0

  binary-version-check@6.1.0:
    dependencies:
      binary-version: 7.1.0
      semver: 7.7.3
      semver-truncate: 3.0.0

  binary-version@7.1.0:
    dependencies:
      execa: 8.0.1
      find-versions: 6.0.0

  convert-hrtime@5.0.0: {}

  cross-spawn@7.0.6:
    dependencies:
      path-key: 3.1.1
      shebang-command: 2.0.0
      which: 2.0.2

  execa@8.0.1:
    dependencies:
      cross-spawn: 7.0.6
      get-stream: 8.0.1
      human-signals: 5.0.0
      is-stream: 3.0.0
      merge-stream: 2.0.0
      npm-run-path: 5.3.0
      onetime: 6.0.0
      signal-exit: 4.1.0
      strip-final-newline: 3.0.0

  find-versions@6.0.0:
    dependencies:
      semver-regex: 4.0.5
      super-regex: 1.1.0

  flyctl@1.2.6:
    dependencies:
      binary-version-check-cli: 4.1.0
      tinyspawn: 1.5.5

  function-timeout@1.0.2: {}

  get-stream@8.0.1: {}

  human-signals@5.0.0: {}

  is-stream@3.0.0: {}

  isexe@2.0.0: {}

  make-asynchronous@1.0.1:
    dependencies:
      p-event: 6.0.1
      type-fest: 4.41.0
      web-worker: 1.2.0

  meow@13.2.0: {}

  merge-stream@2.0.0: {}

  mimic-fn@4.0.0: {}

  npm-run-path@5.3.0:
    dependencies:
      path-key: 4.0.0

  onetime@6.0.0:
    dependencies:
      mimic-fn: 4.0.0

  p-event@6.0.1:
    dependencies:
      p-timeout: 6.1.4

  p-timeout@6.1.4: {}

  path-key@3.1.1: {}

  path-key@4.0.0: {}

  semver-regex@4.0.5: {}

  semver-truncate@3.0.0:
    dependencies:
      semver: 7.7.3

  semver@7.7.3: {}

  shebang-command@2.0.0:
    dependencies:
      shebang-regex: 3.0.0

  shebang-regex@3.0.0: {}

  signal-exit@4.1.0: {}

  strip-final-newline@3.0.0: {}

  super-regex@1.1.0:
    dependencies:
      function-timeout: 1.0.2
      make-asynchronous: 1.0.1
      time-span: 5.1.0

  time-span@5.1.0:
    dependencies:
      convert-hrtime: 5.0.0

  tinyspawn@1.5.5: {}

  type-fest@4.41.0: {}

  web-worker@1.2.0: {}

  which@2.0.2:
    dependencies:
      isexe: 2.0.0
